
Microsoft Visual Studio Solution File, Format Version 12.00
# Visual Studio Version 18
VisualStudioVersion = 18.0.11018.127
MinimumVisualStudioVersion = 10.0.40219.1
Project("{2150E333-8FDC-42A3-9474-1A3956D46DE8}") = "Solution Items", "Solution Items", "{B2F41083-0B0B-43D0-81E9-6E7A6B133D8E}"
	ProjectSection(SolutionItems) = preProject
		.gitignore = .gitignore
		Directory.Packages.props = Directory.Packages.props
		LICENSE = LICENSE
		README.md = README.md
	EndProjectSection
EndProject
Project("{FAE04EC0-301F-11D3-BF4B-00C04F79EFBC}") = "Web.Utility", "src\Web.Utility.csproj", "{9E965BB8-0127-A803-7704-414CBCA0A80B}"
EndProject
Project("{FAE04EC0-301F-11D3-BF4B-00C04F79EFBC}") = "SampleDomainLibrary", "samples\SampleDomainLibrary\SampleDomainLibrary.csproj", "{5B2E49ED-9787-46AD-9CF6-A39405A57BE5}"
EndProject
Project("{FAE04EC0-301F-11D3-BF4B-00C04F79EFBC}") = "Web.Utility.UnitTests", "tests\UnitTests\Web.Utility.UnitTests\Web.Utility.UnitTests.csproj", "{51B25C6A-0A38-4D2E-936A-FDE1C17BCE08}"
EndProject
Project("{FAE04EC0-301F-11D3-BF4B-00C04F79EFBC}") = "SampleServerUI", "samples\SampleUI\SampleServerUI\SampleServerUI.csproj", "{079D8F70-6FAB-109E-3D27-6B1B807087E8}"
EndProject
Global
	GlobalSection(SolutionConfigurationPlatforms) = preSolution
		Debug|Any CPU = Debug|Any CPU
		Release|Any CPU = Release|Any CPU
	EndGlobalSection
	GlobalSection(ProjectConfigurationPlatforms) = postSolution
		{9E965BB8-0127-A803-7704-414CBCA0A80B}.Debug|Any CPU.ActiveCfg = Debug|Any CPU
		{9E965BB8-0127-A803-7704-414CBCA0A80B}.Debug|Any CPU.Build.0 = Debug|Any CPU
		{9E965BB8-0127-A803-7704-414CBCA0A80B}.Release|Any CPU.ActiveCfg = Release|Any CPU
		{9E965BB8-0127-A803-7704-414CBCA0A80B}.Release|Any CPU.Build.0 = Release|Any CPU
		{5B2E49ED-9787-46AD-9CF6-A39405A57BE5}.Debug|Any CPU.ActiveCfg = Debug|Any CPU
		{5B2E49ED-9787-46AD-9CF6-A39405A57BE5}.Debug|Any CPU.Build.0 = Debug|Any CPU
		{5B2E49ED-9787-46AD-9CF6-A39405A57BE5}.Release|Any CPU.ActiveCfg = Release|Any CPU
		{5B2E49ED-9787-46AD-9CF6-A39405A57BE5}.Release|Any CPU.Build.0 = Release|Any CPU
		{51B25C6A-0A38-4D2E-936A-FDE1C17BCE08}.Debug|Any CPU.ActiveCfg = Debug|Any CPU
		{51B25C6A-0A38-4D2E-936A-FDE1C17BCE08}.Debug|Any CPU.Build.0 = Debug|Any CPU
		{51B25C6A-0A38-4D2E-936A-FDE1C17BCE08}.Release|Any CPU.ActiveCfg = Release|Any CPU
		{51B25C6A-0A38-4D2E-936A-FDE1C17BCE08}.Release|Any CPU.Build.0 = Release|Any CPU
		{079D8F70-6FAB-109E-3D27-6B1B807087E8}.Debug|Any CPU.ActiveCfg = Debug|Any CPU
		{079D8F70-6FAB-109E-3D27-6B1B807087E8}.Debug|Any CPU.Build.0 = Debug|Any CPU
		{079D8F70-6FAB-109E-3D27-6B1B807087E8}.Release|Any CPU.ActiveCfg = Release|Any CPU
		{079D8F70-6FAB-109E-3D27-6B1B807087E8}.Release|Any CPU.Build.0 = Release|Any CPU
	EndGlobalSection
	GlobalSection(SolutionProperties) = preSolution
		HideSolutionNode = FALSE
	EndGlobalSection
	GlobalSection(ExtensibilityGlobals) = postSolution
		SolutionGuid = {625B92E9-4E0E-4F28-8B77-B99BC59E3FCA}
	EndGlobalSection
EndGlobal
